
Microsoft Visual Studio Solution File, Format Version 12.00
# Visual Studio Version 17
VisualStudioVersion = 17.0.32112.339
MinimumVisualStudioVersion = 10.0.40219.1
Project("{FAE04EC0-301F-11D3-BF4B-00C04F79EFBC}") = "ConsoleApp1", "ConsoleApp1\ConsoleApp1.csproj", "{5C8DC125-9722-48A6-AF43-3BDB350D0828}"
EndProject
Project("{FAE04EC0-301F-11D3-BF4B-00C04F79EFBC}") = "ConsoleApp2", "ConsoleApp2\ConsoleApp2.csproj", "{C270BFB5-F048-4C60-975E-25028AA7F6A7}"
EndProject
Global
	GlobalSection(SolutionConfigurationPlatforms) = preSolution
		Debug|Any CPU = Debug|Any CPU
		Release|Any CPU = Release|Any CPU
	EndGlobalSection
	GlobalSection(ProjectConfigurationPlatforms) = postSolution
		{5C8DC125-9722-48A6-AF43-3BDB350D0828}.Debug|Any CPU.ActiveCfg = Debug|Any CPU
		{5C8DC125-9722-48A6-AF43-3BDB350D0828}.Debug|Any CPU.Build.0 = Debug|Any CPU
		{5C8DC125-9722-48A6-AF43-3BDB350D0828}.Release|Any CPU.ActiveCfg = Release|Any CPU
		{5C8DC125-9722-48A6-AF43-3BDB350D0828}.Release|Any CPU.Build.0 = Release|Any CPU
		{C270BFB5-F048-4C60-975E-25028AA7F6A7}.Debug|Any CPU.ActiveCfg = Debug|Any CPU
		{C270BFB5-F048-4C60-975E-25028AA7F6A7}.Debug|Any CPU.Build.0 = Debug|Any CPU
		{C270BFB5-F048-4C60-975E-25028AA7F6A7}.Release|Any CPU.ActiveCfg = Release|Any CPU
		{C270BFB5-F048-4C60-975E-25028AA7F6A7}.Release|Any CPU.Build.0 = Release|Any CPU
	EndGlobalSection
	GlobalSection(SolutionProperties) = preSolution
		HideSolutionNode = FALSE
	EndGlobalSection
	GlobalSection(ExtensibilityGlobals) = postSolution
		SolutionGuid = {7387C13A-44A9-459F-8915-775768B55286}
	EndGlobalSection
EndGlobal
